
Microsoft Visual Studio Solution File, Format Version 12.00
# Visual Studio 2012
Project("{FAE04EC0-301F-11D3-BF4B-00C04F79EFBC}") = "UnityVS.Vermin.CSharp", "UnityVS.Vermin.CSharp.csproj", "{990306F9-FD4B-8064-023F-4E82E124A654}"
EndProject
Global
	GlobalSection(SolutionConfigurationPlatforms) = preSolution
		Debug|Any CPU = Debug|Any CPU
		Release|Any CPU = Release|Any CPU
	EndGlobalSection
	GlobalSection(ProjectConfigurationPlatforms) = postSolution
		{990306F9-FD4B-8064-023F-4E82E124A654}.Debug|Any CPU.ActiveCfg = Debug|Any CPU
		{990306F9-FD4B-8064-023F-4E82E124A654}.Debug|Any CPU.Build.0 = Debug|Any CPU
		{990306F9-FD4B-8064-023F-4E82E124A654}.Release|Any CPU.ActiveCfg = Release|Any CPU
		{990306F9-FD4B-8064-023F-4E82E124A654}.Release|Any CPU.Build.0 = Release|Any CPU
	EndGlobalSection
	GlobalSection(SolutionProperties) = preSolution
		HideSolutionNode = FALSE
	EndGlobalSection
EndGlobal
